# This file was autogenerated by Stack.
# You should not edit this file by hand.
# For more information, please see the documentation at:
#   https://docs.haskellstack.org/en/stable/lock_files

packages:
- completed:
    size: 21924
    url: https://github.com/qsctr/smt2-parser/archive/17bf41c76a21d4026526001a42b552d9c3fd754c.tar.gz
    name: smt2-parser
    version: 0.1.0.0
    sha256: e9c825e9cad2e0d8fd1d13bdf4dac1be825947b35f1954db54481976e6f71541
    pantry-tree:
      size: 1117
      sha256: 8da2c9324c784881f4ddf84f2048c681385b68cf4059d10b71bb8da45dee8ce7
  original:
    url: https://github.com/qsctr/smt2-parser/archive/17bf41c76a21d4026526001a42b552d9c3fd754c.tar.gz
- completed:
    size: 37837
    url: https://github.com/qsctr/language-coq/archive/1c680b34ca2ab4c41cd614c0da2e48d79043336b.tar.gz
    name: language-coq
    version: 0.4.0.0
    sha256: 9603b85c5249fcd0f9eee5b7cfc1514fa413e03dd666b3b1d2a9880386f74f3f
    pantry-tree:
      size: 2002
      sha256: 3b47f8e0b1149ec99eb7c51de20fff7eb50f7398d6fa83308ca9102bc453be10
  original:
    url: https://github.com/qsctr/language-coq/archive/1c680b34ca2ab4c41cd614c0da2e48d79043336b.tar.gz
snapshots:
- completed:
    size: 534126
    url: https://raw.githubusercontent.com/commercialhaskell/stackage-snapshots/master/lts/16/31.yaml
    sha256: 637fb77049b25560622a224845b7acfe81a09fdb6a96a3c75997a10b651667f6
  original: lts-16.31
